
Microsoft Visual Studio Solution File, Format Version 12.00
# Visual Studio Version 16
VisualStudioVersion = 16.0.31605.320
MinimumVisualStudioVersion = 10.0.40219.1
Project("{9A19103F-16F7-4668-BE54-9A1E7A4F7556}") = "RozetkaPageFactoryParallelWithBuisnessObjAndDeco", "RozetkaPageFactoryParallelWithBuisnessObjAndDeco.csproj", "{3180D372-A059-46DE-AD93-03A9664D0615}"
EndProject
Global
	GlobalSection(SolutionConfigurationPlatforms) = preSolution
		Debug|Any CPU = Debug|Any CPU
		Release|Any CPU = Release|Any CPU
	EndGlobalSection
	GlobalSection(ProjectConfigurationPlatforms) = postSolution
		{3180D372-A059-46DE-AD93-03A9664D0615}.Debug|Any CPU.ActiveCfg = Debug|Any CPU
		{3180D372-A059-46DE-AD93-03A9664D0615}.Debug|Any CPU.Build.0 = Debug|Any CPU
		{3180D372-A059-46DE-AD93-03A9664D0615}.Release|Any CPU.ActiveCfg = Release|Any CPU
		{3180D372-A059-46DE-AD93-03A9664D0615}.Release|Any CPU.Build.0 = Release|Any CPU
	EndGlobalSection
	GlobalSection(SolutionProperties) = preSolution
		HideSolutionNode = FALSE
	EndGlobalSection
	GlobalSection(ExtensibilityGlobals) = postSolution
		SolutionGuid = {BBF452AE-1F35-4756-AD6C-B421C39C55B9}
	EndGlobalSection
EndGlobal
